// !$*UTF8*$!
{
	archiveVersion = 1;
	classes = {
	};
	objectVersion = 55;
	objects = {

/* Begin PBXBuildFile section */
		9945F8D82B2A4F94006FAEAA /* SkillZilla_iosApp.swift in Sources */ = {isa = PBXBuildFile; fileRef = 9945F8D72B2A4F94006FAEAA /* SkillZilla_iosApp.swift */; };
		9945F8DA2B2A4F94006FAEAA /* ContentView.swift in Sources */ = {isa = PBXBuildFile; fileRef = 9945F8D92B2A4F94006FAEAA /* ContentView.swift */; };
		9945F8DC2B2A4F99006FAEAA /* Assets.xcassets in Resources */ = {isa = PBXBuildFile; fileRef = 9945F8DB2B2A4F99006FAEAA /* Assets.xcassets */; };
		9945F8DF2B2A4F99006FAEAA /* Preview Assets.xcassets in Resources */ = {isa = PBXBuildFile; fileRef = 9945F8DE2B2A4F99006FAEAA /* Preview Assets.xcassets */; };
		9945F8E72B2A507B006FAEAA /* OnboardLRLS.swift in Sources */ = {isa = PBXBuildFile; fileRef = 9945F8E62B2A507A006FAEAA /* OnboardLRLS.swift */; };
		9945F8E92B2A50B8006FAEAA /* OnboardingView.swift in Sources */ = {isa = PBXBuildFile; fileRef = 9945F8E82B2A50B8006FAEAA /* OnboardingView.swift */; };
		9945F8EB2B2A60F0006FAEAA /* OnboardBuildComm.swift in Sources */ = {isa = PBXBuildFile; fileRef = 9945F8EA2B2A60F0006FAEAA /* OnboardBuildComm.swift */; };
		9945F8ED2B2A6128006FAEAA /* OnboardDevDino.swift in Sources */ = {isa = PBXBuildFile; fileRef = 9945F8EC2B2A6128006FAEAA /* OnboardDevDino.swift */; };
		99B6A3302B7BF367001C4B78 /* SZListView.swift in Sources */ = {isa = PBXBuildFile; fileRef = 99B6A32F2B7BF367001C4B78 /* SZListView.swift */; };
		99B6A3332B7D4771001C4B78 /* LogIn.swift in Sources */ = {isa = PBXBuildFile; fileRef = 99B6A3322B7D4770001C4B78 /* LogIn.swift */; };
		99B6A3362B7D4AF9001C4B78 /* AccountCreateView.swift in Sources */ = {isa = PBXBuildFile; fileRef = 99B6A3352B7D4AF9001C4B78 /* AccountCreateView.swift */; };
		99B6A3392B7D9535001C4B78 /* AgeView.swift in Sources */ = {isa = PBXBuildFile; fileRef = 99B6A3382B7D9535001C4B78 /* AgeView.swift */; };
/* End PBXBuildFile section */

/* Begin PBXFileReference section */
		9945F8D42B2A4F94006FAEAA /* SkillZilla_ios.app */ = {isa = PBXFileReference; explicitFileType = wrapper.application; includeInIndex = 0; path = SkillZilla_ios.app; sourceTree = BUILT_PRODUCTS_DIR; };
		9945F8D72B2A4F94006FAEAA /* SkillZilla_iosApp.swift */ = {isa = PBXFileReference; lastKnownFileType = sourcecode.swift; path = SkillZilla_iosApp.swift; sourceTree = "<group>"; };
		9945F8D92B2A4F94006FAEAA /* ContentView.swift */ = {isa = PBXFileReference; lastKnownFileType = sourcecode.swift; path = ContentView.swift; sourceTree = "<group>"; };
		9945F8DB2B2A4F99006FAEAA /* Assets.xcassets */ = {isa = PBXFileReference; lastKnownFileType = folder.assetcatalog; path = Assets.xcassets; sourceTree = "<group>"; };
		9945F8DE2B2A4F99006FAEAA /* Preview Assets.xcassets */ = {isa = PBXFileReference; lastKnownFileType = folder.assetcatalog; path = "Preview Assets.xcassets"; sourceTree = "<group>"; };
		9945F8E62B2A507A006FAEAA /* OnboardLRLS.swift */ = {isa = PBXFileReference; lastKnownFileType = sourcecode.swift; path = OnboardLRLS.swift; sourceTree = "<group>"; };
		9945F8E82B2A50B8006FAEAA /* OnboardingView.swift */ = {isa = PBXFileReference; lastKnownFileType = sourcecode.swift; path = OnboardingView.swift; sourceTree = "<group>"; };
		9945F8EA2B2A60F0006FAEAA /* OnboardBuildComm.swift */ = {isa = PBXFileReference; lastKnownFileType = sourcecode.swift; path = OnboardBuildComm.swift; sourceTree = "<group>"; };
		9945F8EC2B2A6128006FAEAA /* OnboardDevDino.swift */ = {isa = PBXFileReference; lastKnownFileType = sourcecode.swift; path = OnboardDevDino.swift; sourceTree = "<group>"; };
		99B6A32F2B7BF367001C4B78 /* SZListView.swift */ = {isa = PBXFileReference; lastKnownFileType = sourcecode.swift; path = SZListView.swift; sourceTree = "<group>"; };
		99B6A3322B7D4770001C4B78 /* LogIn.swift */ = {isa = PBXFileReference; lastKnownFileType = sourcecode.swift; path = LogIn.swift; sourceTree = "<group>"; };
		99B6A3352B7D4AF9001C4B78 /* AccountCreateView.swift */ = {isa = PBXFileReference; lastKnownFileType = sourcecode.swift; path = AccountCreateView.swift; sourceTree = "<group>"; };
		99B6A3382B7D9535001C4B78 /* AgeView.swift */ = {isa = PBXFileReference; lastKnownFileType = sourcecode.swift; path = AgeView.swift; sourceTree = "<group>"; };
/* End PBXFileReference section */

/* Begin PBXFrameworksBuildPhase section */
		9945F8D12B2A4F93006FAEAA /* Frameworks */ = {
			isa = PBXFrameworksBuildPhase;
			buildActionMask = 2147483647;
			files = (
			);
			runOnlyForDeploymentPostprocessing = 0;
		};
/* End PBXFrameworksBuildPhase section */

/* Begin PBXGroup section */
		9945F8CB2B2A4F93006FAEAA = {
			isa = PBXGroup;
			children = (
				9945F8D62B2A4F94006FAEAA /* SkillZilla_ios */,
				9945F8D52B2A4F94006FAEAA /* Products */,
			);
			sourceTree = "<group>";
		};
		9945F8D52B2A4F94006FAEAA /* Products */ = {
			isa = PBXGroup;
			children = (
				9945F8D42B2A4F94006FAEAA /* SkillZilla_ios.app */,
			);
			name = Products;
			sourceTree = "<group>";
		};
		9945F8D62B2A4F94006FAEAA /* SkillZilla_ios */ = {
			isa = PBXGroup;
			children = (
				99B6A3372B7D9511001C4B78 /* Questions */,
				99B6A3342B7D4ACC001C4B78 /* Create account */,
				99B6A3312B7BFD96001C4B78 /* Log In */,
				99B6A32E2B7BF33E001C4B78 /* Shared */,
				9945F8E52B2A5006006FAEAA /* Onboarding */,
				9945F8D72B2A4F94006FAEAA /* SkillZilla_iosApp.swift */,
				9945F8D92B2A4F94006FAEAA /* ContentView.swift */,
				9945F8DB2B2A4F99006FAEAA /* Assets.xcassets */,
				9945F8DD2B2A4F99006FAEAA /* Preview Content */,
			);
			path = SkillZilla_ios;
			sourceTree = "<group>";
		};
		9945F8DD2B2A4F99006FAEAA /* Preview Content */ = {
			isa = PBXGroup;
			children = (
				9945F8DE2B2A4F99006FAEAA /* Preview Assets.xcassets */,
			);
			path = "Preview Content";
			sourceTree = "<group>";
		};
		9945F8E52B2A5006006FAEAA /* Onboarding */ = {
			isa = PBXGroup;
			children = (
				9945F8E62B2A507A006FAEAA /* OnboardLRLS.swift */,
				9945F8E82B2A50B8006FAEAA /* OnboardingView.swift */,
				9945F8EA2B2A60F0006FAEAA /* OnboardBuildComm.swift */,
				9945F8EC2B2A6128006FAEAA /* OnboardDevDino.swift */,
			);
			path = Onboarding;
			sourceTree = "<group>";
		};
		99B6A32E2B7BF33E001C4B78 /* Shared */ = {
			isa = PBXGroup;
			children = (
				99B6A32F2B7BF367001C4B78 /* SZListView.swift */,
			);
			path = Shared;
			sourceTree = "<group>";
		};
		99B6A3312B7BFD96001C4B78 /* Log In */ = {
			isa = PBXGroup;
			children = (
				99B6A3322B7D4770001C4B78 /* LogIn.swift */,
			);
			path = "Log In";
			sourceTree = "<group>";
		};
		99B6A3342B7D4ACC001C4B78 /* Create account */ = {
			isa = PBXGroup;
			children = (
				99B6A3352B7D4AF9001C4B78 /* AccountCreateView.swift */,
			);
			path = "Create account";
			sourceTree = "<group>";
		};
		99B6A3372B7D9511001C4B78 /* Questions */ = {
			isa = PBXGroup;
			children = (
				99B6A3382B7D9535001C4B78 /* AgeView.swift */,
			);
			path = Questions;
			sourceTree = "<group>";
		};
/* End PBXGroup section */

/* Begin PBXNativeTarget section */
		9945F8D32B2A4F93006FAEAA /* SkillZilla_ios */ = {
			isa = PBXNativeTarget;
			buildConfigurationList = 9945F8E22B2A4F99006FAEAA /* Build configuration list for PBXNativeTarget "SkillZilla_ios" */;
			buildPhases = (
				9945F8D02B2A4F93006FAEAA /* Sources */,
				9945F8D12B2A4F93006FAEAA /* Frameworks */,
				9945F8D22B2A4F93006FAEAA /* Resources */,
			);
			buildRules = (
			);
			dependencies = (
			);
			name = SkillZilla_ios;
			productName = SkillZilla_ios;
			productReference = 9945F8D42B2A4F94006FAEAA /* SkillZilla_ios.app */;
			productType = "com.apple.product-type.application";
		};
/* End PBXNativeTarget section */

/* Begin PBXProject section */
		9945F8CC2B2A4F93006FAEAA /* Project object */ = {
			isa = PBXProject;
			attributes = {
				BuildIndependentTargetsInParallel = 1;
				LastSwiftUpdateCheck = 1320;
				LastUpgradeCheck = 1320;
				TargetAttributes = {
					9945F8D32B2A4F93006FAEAA = {
						CreatedOnToolsVersion = 13.2.1;
					};
				};
			};
			buildConfigurationList = 9945F8CF2B2A4F93006FAEAA /* Build configuration list for PBXProject "SkillZilla_ios" */;
			compatibilityVersion = "Xcode 13.0";
			developmentRegion = en;
			hasScannedForEncodings = 0;
			knownRegions = (
				en,
				Base,
			);
			mainGroup = 9945F8CB2B2A4F93006FAEAA;
			productRefGroup = 9945F8D52B2A4F94006FAEAA /* Products */;
			projectDirPath = "";
			projectRoot = "";
			targets = (
				9945F8D32B2A4F93006FAEAA /* SkillZilla_ios */,
			);
		};
/* End PBXProject section */

/* Begin PBXResourcesBuildPhase section */
		9945F8D22B2A4F93006FAEAA /* Resources */ = {
			isa = PBXResourcesBuildPhase;
			buildActionMask = 2147483647;
			files = (
				9945F8DF2B2A4F99006FAEAA /* Preview Assets.xcassets in Resources */,
				9945F8DC2B2A4F99006FAEAA /* Assets.xcassets in Resources */,
			);
			runOnlyForDeploymentPostprocessing = 0;
		};
/* End PBXResourcesBuildPhase section */

/* Begin PBXSourcesBuildPhase section */
		9945F8D02B2A4F93006FAEAA /* Sources */ = {
			isa = PBXSourcesBuildPhase;
			buildActionMask = 2147483647;
			files = (
				9945F8E72B2A507B006FAEAA /* OnboardLRLS.swift in Sources */,
				9945F8ED2B2A6128006FAEAA /* OnboardDevDino.swift in Sources */,
				9945F8E92B2A50B8006FAEAA /* OnboardingView.swift in Sources */,
				9945F8EB2B2A60F0006FAEAA /* OnboardBuildComm.swift in Sources */,
				9945F8DA2B2A4F94006FAEAA /* ContentView.swift in Sources */,
				9945F8D82B2A4F94006FAEAA /* SkillZilla_iosApp.swift in Sources */,
				99B6A3392B7D9535001C4B78 /* AgeView.swift in Sources */,
				99B6A3302B7BF367001C4B78 /* SZListView.swift in Sources */,
				99B6A3332B7D4771001C4B78 /* LogIn.swift in Sources */,
				99B6A3362B7D4AF9001C4B78 /* AccountCreateView.swift in Sources */,
			);
			runOnlyForDeploymentPostprocessing = 0;
		};
/* End PBXSourcesBuildPhase section */

/* Begin XCBuildConfiguration section */
		9945F8E02B2A4F99006FAEAA /* Debug */ = {
			isa = XCBuildConfiguration;
			buildSettings = {
				ALWAYS_SEARCH_USER_PATHS = NO;
				CLANG_ANALYZER_NONNULL = YES;
				CLANG_ANALYZER_NUMBER_OBJECT_CONVERSION = YES_AGGRESSIVE;
				CLANG_CXX_LANGUAGE_STANDARD = "gnu++17";
				CLANG_CXX_LIBRARY = "libc++";
				CLANG_ENABLE_MODULES = YES;
				CLANG_ENABLE_OBJC_ARC = YES;
				CLANG_ENABLE_OBJC_WEAK = YES;
				CLANG_WARN_BLOCK_CAPTURE_AUTORELEASING = YES;
				CLANG_WARN_BOOL_CONVERSION = YES;
				CLANG_WARN_COMMA = YES;
				CLANG_WARN_CONSTANT_CONVERSION = YES;
				CLANG_WARN_DEPRECATED_OBJC_IMPLEMENTATIONS = YES;
				CLANG_WARN_DIRECT_OBJC_ISA_USAGE = YES_ERROR;
				CLANG_WARN_DOCUMENTATION_COMMENTS = YES;
				CLANG_WARN_EMPTY_BODY = YES;
				CLANG_WARN_ENUM_CONVERSION = YES;
				CLANG_WARN_INFINITE_RECURSION = YES;
				CLANG_WARN_INT_CONVERSION = YES;
				CLANG_WARN_NON_LITERAL_NULL_CONVERSION = YES;
				CLANG_WARN_OBJC_IMPLICIT_RETAIN_SELF = YES;
				CLANG_WARN_OBJC_LITERAL_CONVERSION = YES;
				CLANG_WARN_OBJC_ROOT_CLASS = YES_ERROR;
				CLANG_WARN_QUOTED_INCLUDE_IN_FRAMEWORK_HEADER = YES;
				CLANG_WARN_RANGE_LOOP_ANALYSIS = YES;
				CLANG_WARN_STRICT_PROTOTYPES = YES;
				CLANG_WARN_SUSPICIOUS_MOVE = YES;
				CLANG_WARN_UNGUARDED_AVAILABILITY = YES_AGGRESSIVE;
				CLANG_WARN_UNREACHABLE_CODE = YES;
				CLANG_WARN__DUPLICATE_METHOD_MATCH = YES;
				COPY_PHASE_STRIP = NO;
				DEBUG_INFORMATION_FORMAT = dwarf;
				ENABLE_STRICT_OBJC_MSGSEND = YES;
				ENABLE_TESTABILITY = YES;
				GCC_C_LANGUAGE_STANDARD = gnu11;
				GCC_DYNAMIC_NO_PIC = NO;
				GCC_NO_COMMON_BLOCKS = YES;
				GCC_OPTIMIZATION_LEVEL = 0;
				GCC_PREPROCESSOR_DEFINITIONS = (
					"DEBUG=1",
					"$(inherited)",
				);
				GCC_WARN_64_TO_32_BIT_CONVERSION = YES;
				GCC_WARN_ABOUT_RETURN_TYPE = YES_ERROR;
				GCC_WARN_UNDECLARED_SELECTOR = YES;
				GCC_WARN_UNINITIALIZED_AUTOS = YES_AGGRESSIVE;
				GCC_WARN_UNUSED_FUNCTION = YES;
				GCC_WARN_UNUSED_VARIABLE = YES;
				IPHONEOS_DEPLOYMENT_TARGET = 15.2;
				MTL_ENABLE_DEBUG_INFO = INCLUDE_SOURCE;
				MTL_FAST_MATH = YES;
				ONLY_ACTIVE_ARCH = YES;
				SDKROOT = iphoneos;
				SWIFT_ACTIVE_COMPILATION_CONDITIONS = DEBUG;
				SWIFT_OPTIMIZATION_LEVEL = "-Onone";
			};
			name = Debug;
		};
		9945F8E12B2A4F99006FAEAA /* Release */ = {
			isa = XCBuildConfiguration;
			buildSettings = {
				ALWAYS_SEARCH_USER_PATHS = NO;
				CLANG_ANALYZER_NONNULL = YES;
				CLANG_ANALYZER_NUMBER_OBJECT_CONVERSION = YES_AGGRESSIVE;
				CLANG_CXX_LANGUAGE_STANDARD = "gnu++17";
				CLANG_CXX_LIBRARY = "libc++";
				CLANG_ENABLE_MODULES = YES;
				CLANG_ENABLE_OBJC_ARC = YES;
				CLANG_ENABLE_OBJC_WEAK = YES;
				CLANG_WARN_BLOCK_CAPTURE_AUTORELEASING = YES;
				CLANG_WARN_BOOL_CONVERSION = YES;
				CLANG_WARN_COMMA = YES;
				CLANG_WARN_CONSTANT_CONVERSION = YES;
				CLANG_WARN_DEPRECATED_OBJC_IMPLEMENTATIONS = YES;
				CLANG_WARN_DIRECT_OBJC_ISA_USAGE = YES_ERROR;
				CLANG_WARN_DOCUMENTATION_COMMENTS = YES;
				CLANG_WARN_EMPTY_BODY = YES;
				CLANG_WARN_ENUM_CONVERSION = YES;
				CLANG_WARN_INFINITE_RECURSION = YES;
				CLANG_WARN_INT_CONVERSION = YES;
				CLANG_WARN_NON_LITERAL_NULL_CONVERSION = YES;
				CLANG_WARN_OBJC_IMPLICIT_RETAIN_SELF = YES;
				CLANG_WARN_OBJC_LITERAL_CONVERSION = YES;
				CLANG_WARN_OBJC_ROOT_CLASS = YES_ERROR;
				CLANG_WARN_QUOTED_INCLUDE_IN_FRAMEWORK_HEADER = YES;
				CLANG_WARN_RANGE_LOOP_ANALYSIS = YES;
				CLANG_WARN_STRICT_PROTOTYPES = YES;
				CLANG_WARN_SUSPICIOUS_MOVE = YES;
				CLANG_WARN_UNGUARDED_AVAILABILITY = YES_AGGRESSIVE;
				CLANG_WARN_UNREACHABLE_CODE = YES;
				CLANG_WARN__DUPLICATE_METHOD_MATCH = YES;
				COPY_PHASE_STRIP = NO;
				DEBUG_INFORMATION_FORMAT = "dwarf-with-dsym";
				ENABLE_NS_ASSERTIONS = NO;
				ENABLE_STRICT_OBJC_MSGSEND = YES;
				GCC_C_LANGUAGE_STANDARD = gnu11;
				GCC_NO_COMMON_BLOCKS = YES;
				GCC_WARN_64_TO_32_BIT_CONVERSION = YES;
				GCC_WARN_ABOUT_RETURN_TYPE = YES_ERROR;
				GCC_WARN_UNDECLARED_SELECTOR = YES;
				GCC_WARN_UNINITIALIZED_AUTOS = YES_AGGRESSIVE;
				GCC_WARN_UNUSED_FUNCTION = YES;
				GCC_WARN_UNUSED_VARIABLE = YES;
				IPHONEOS_DEPLOYMENT_TARGET = 15.2;
				MTL_ENABLE_DEBUG_INFO = NO;
				MTL_FAST_MATH = YES;
				SDKROOT = iphoneos;
				SWIFT_COMPILATION_MODE = wholemodule;
				SWIFT_OPTIMIZATION_LEVEL = "-O";
				VALIDATE_PRODUCT = YES;
			};
			name = Release;
		};
		9945F8E32B2A4F99006FAEAA /* Debug */ = {
			isa = XCBuildConfiguration;
			buildSettings = {
				ASSETCATALOG_COMPILER_APPICON_NAME = AppIcon;
				ASSETCATALOG_COMPILER_GLOBAL_ACCENT_COLOR_NAME = AccentColor;
				CODE_SIGN_STYLE = Automatic;
				CURRENT_PROJECT_VERSION = 1;
				DEVELOPMENT_ASSET_PATHS = "\"SkillZilla_ios/Preview Content\"";
				DEVELOPMENT_TEAM = 897QSY45XD;
				ENABLE_PREVIEWS = YES;
				GENERATE_INFOPLIST_FILE = YES;
				INFOPLIST_KEY_UIApplicationSceneManifest_Generation = YES;
				INFOPLIST_KEY_UIApplicationSupportsIndirectInputEvents = YES;
				INFOPLIST_KEY_UILaunchScreen_Generation = YES;
				INFOPLIST_KEY_UISupportedInterfaceOrientations_iPad = "UIInterfaceOrientationPortrait UIInterfaceOrientationPortraitUpsideDown UIInterfaceOrientationLandscapeLeft UIInterfaceOrientationLandscapeRight";
				INFOPLIST_KEY_UISupportedInterfaceOrientations_iPhone = "UIInterfaceOrientationPortrait UIInterfaceOrientationLandscapeLeft UIInterfaceOrientationLandscapeRight";
				LD_RUNPATH_SEARCH_PATHS = (
					"$(inherited)",
					"@executable_path/Frameworks",
				);
				MARKETING_VERSION = 1.0;
				PRODUCT_BUNDLE_IDENTIFIER = "NerdGangDigital.SkillZilla-ios";
				PRODUCT_NAME = "$(TARGET_NAME)";
				SWIFT_EMIT_LOC_STRINGS = YES;
				SWIFT_VERSION = 5.0;
				TARGETED_DEVICE_FAMILY = "1,2";
			};
			name = Debug;
		};
		9945F8E42B2A4F99006FAEAA /* Release */ = {
			isa = XCBuildConfiguration;
			buildSettings = {
				ASSETCATALOG_COMPILER_APPICON_NAME = AppIcon;
				ASSETCATALOG_COMPILER_GLOBAL_ACCENT_COLOR_NAME = AccentColor;
				CODE_SIGN_STYLE = Automatic;
				CURRENT_PROJECT_VERSION = 1;
				DEVELOPMENT_ASSET_PATHS = "\"SkillZilla_ios/Preview Content\"";
				DEVELOPMENT_TEAM = 897QSY45XD;
				ENABLE_PREVIEWS = YES;
				GENERATE_INFOPLIST_FILE = YES;
				INFOPLIST_KEY_UIApplicationSceneManifest_Generation = YES;
				INFOPLIST_KEY_UIApplicationSupportsIndirectInputEvents = YES;
				INFOPLIST_KEY_UILaunchScreen_Generation = YES;
				INFOPLIST_KEY_UISupportedInterfaceOrientations_iPad = "UIInterfaceOrientationPortrait UIInterfaceOrientationPortraitUpsideDown UIInterfaceOrientationLandscapeLeft UIInterfaceOrientationLandscapeRight";
				INFOPLIST_KEY_UISupportedInterfaceOrientations_iPhone = "UIInterfaceOrientationPortrait UIInterfaceOrientationLandscapeLeft UIInterfaceOrientationLandscapeRight";
				LD_RUNPATH_SEARCH_PATHS = (
					"$(inherited)",
					"@executable_path/Frameworks",
				);
				MARKETING_VERSION = 1.0;
				PRODUCT_BUNDLE_IDENTIFIER = "NerdGangDigital.SkillZilla-ios";
				PRODUCT_NAME = "$(TARGET_NAME)";
				SWIFT_EMIT_LOC_STRINGS = YES;
				SWIFT_VERSION = 5.0;
				TARGETED_DEVICE_FAMILY = "1,2";
			};
			name = Release;
		};
/* End XCBuildConfiguration section */

/* Begin XCConfigurationList section */
		9945F8CF2B2A4F93006FAEAA /* Build configuration list for PBXProject "SkillZilla_ios" */ = {
			isa = XCConfigurationList;
			buildConfigurations = (
				9945F8E02B2A4F99006FAEAA /* Debug */,
				9945F8E12B2A4F99006FAEAA /* Release */,
			);
			defaultConfigurationIsVisible = 0;
			defaultConfigurationName = Release;
		};
		9945F8E22B2A4F99006FAEAA /* Build configuration list for PBXNativeTarget "SkillZilla_ios" */ = {
			isa = XCConfigurationList;
			buildConfigurations = (
				9945F8E32B2A4F99006FAEAA /* Debug */,
				9945F8E42B2A4F99006FAEAA /* Release */,
			);
			defaultConfigurationIsVisible = 0;
			defaultConfigurationName = Release;
		};
/* End XCConfigurationList section */
	};
	rootObject = 9945F8CC2B2A4F93006FAEAA /* Project object */;
}
